
Microsoft Visual Studio Solution File, Format Version 12.00
# Visual Studio 14
VisualStudioVersion = 14.0.25420.1
MinimumVisualStudioVersion = 10.0.40219.1
Project("{FAE04EC0-301F-11D3-BF4B-00C04F79EFBC}") = "WebApplication1", "WebApplication1\WebApplication1.csproj", "{FC634F85-B6F2-4607-9714-2C4B6656FFA3}"
EndProject
Project("{FAE04EC0-301F-11D3-BF4B-00C04F79EFBC}") = "WebApplication1.Tests", "WebApplication1.Tests\WebApplication1.Tests.csproj", "{319354E2-789B-4EC8-AAE1-4D219382A550}"
EndProject
Global
	GlobalSection(SolutionConfigurationPlatforms) = preSolution
		Debug|Any CPU = Debug|Any CPU
		Release|Any CPU = Release|Any CPU
	EndGlobalSection
	GlobalSection(ProjectConfigurationPlatforms) = postSolution
		{FC634F85-B6F2-4607-9714-2C4B6656FFA3}.Debug|Any CPU.ActiveCfg = Debug|Any CPU
		{FC634F85-B6F2-4607-9714-2C4B6656FFA3}.Debug|Any CPU.Build.0 = Debug|Any CPU
		{FC634F85-B6F2-4607-9714-2C4B6656FFA3}.Release|Any CPU.ActiveCfg = Release|Any CPU
		{FC634F85-B6F2-4607-9714-2C4B6656FFA3}.Release|Any CPU.Build.0 = Release|Any CPU
		{319354E2-789B-4EC8-AAE1-4D219382A550}.Debug|Any CPU.ActiveCfg = Debug|Any CPU
		{319354E2-789B-4EC8-AAE1-4D219382A550}.Debug|Any CPU.Build.0 = Debug|Any CPU
		{319354E2-789B-4EC8-AAE1-4D219382A550}.Release|Any CPU.ActiveCfg = Release|Any CPU
		{319354E2-789B-4EC8-AAE1-4D219382A550}.Release|Any CPU.Build.0 = Release|Any CPU
	EndGlobalSection
	GlobalSection(SolutionProperties) = preSolution
		HideSolutionNode = FALSE
	EndGlobalSection
EndGlobal
